schema: '2.0'
stages:
  data_ingestion:
    cmd: python3 -m src.data.data-ingestion
    deps:
    - path: src/data/data-ingestion.py
      hash: md5
      md5: 7c09f9e05a1fc214a7762bf1519a0100
      size: 1209
    outs:
    - path: data/raw/resume.csv
      hash: md5
      md5: f47232d34c005733e2406459c3798044
      size: 7013955
  data_preprocessing:
    cmd: python3 -m src.data.data-preprocessing
    deps:
    - path: data/raw/resume.csv
      hash: md5
      md5: f47232d34c005733e2406459c3798044
      size: 7013955
    - path: src/data/data-preprocessing.py
      hash: md5
      md5: 37d6f3ae1027f742cbe8c0ea736ea672
      size: 2446
    params:
      params.yaml:
        data_preprocessing.random_state: 42
        data_preprocessing.test_size: 0.2
    outs:
    - path: data/processed
      hash: md5
      md5: 7ccb541ce0179c19f48d23c55de6845b.dir
      size: 6357477
      nfiles: 2
    - path: data/res/encoder.pkl
      hash: md5
      md5: 77eae64f42306fefdfbcea734ee2e875
      size: 633
    - path: data/res/tfidf.pkl
      hash: md5
      md5: db3bf4bc15bff527727e4b11bb5e1d24
      size: 152658
  model_building:
    cmd: python3 -m src.model.model-building
    deps:
    - path: data/processed/train.csv
      hash: md5
      md5: 3ee4902b3e03c4b1a163c8a2f04dff90
      size: 5152747
    - path: src/model/model-building.py
      hash: md5
      md5: a3b1734097b25c797962a2dc98b41cb2
      size: 786
    outs:
    - path: data/res/clf.pkl
      hash: md5
      md5: 25988931587d4528da5b0b38478128c5
      size: 97969343
  model_evaluation:
    cmd: python3 -m src.model.model-evaluation
    deps:
    - path: data/processed/test.csv
      hash: md5
      md5: e192c7db944de1a11a603b9099db4aa6
      size: 1204730
    - path: data/processed/train.csv
      hash: md5
      md5: 3ee4902b3e03c4b1a163c8a2f04dff90
      size: 5152747
    - path: data/res/clf.pkl
      hash: md5
      md5: 25988931587d4528da5b0b38478128c5
      size: 97969343
    - path: data/res/encoder.pkl
      hash: md5
      md5: 77eae64f42306fefdfbcea734ee2e875
      size: 633
    - path: data/res/tfidf.pkl
      hash: md5
      md5: db3bf4bc15bff527727e4b11bb5e1d24
      size: 152658
    - path: src/model/model-evaluation.py
      hash: md5
      md5: c1f63dd9f7f4f26b38196b1cf0baa0bf
      size: 2818
    outs:
    - path: data/confusion_matrix.png
      hash: md5
      md5: 8e9a12d8fc4daf466b6e11b22551a9f4
      size: 46181
    - path: data/experiment-info.json
      hash: md5
      md5: 54015144549015620b1cb89d41007c85
      size: 84
  model_registration:
    cmd: python3 -m src.model.register-model
    deps:
    - path: data/experiment-info.json
      hash: md5
      md5: 54015144549015620b1cb89d41007c85
      size: 84
    - path: src/model/register-model.py
      hash: md5
      md5: d258997d578781d30c2319fc62af267e
      size: 923
