schema: '2.0'
stages:
  data_ingestion:
    cmd: python3 -m src.data.data-ingestion
    deps:
    - path: src/data/data-ingestion.py
      hash: md5
      md5: a17cf2c2da2d58da7daaebacb9f14d92
      size: 916
    outs:
    - path: data/raw/resume.csv
      hash: md5
      md5: 36f85beb726e94b932c10c5efbf1d5e8
      size: 7083870
  data_preprocessing:
    cmd: python3 -m src.data.data-preprocessing
    deps:
    - path: data/raw/resume.csv
      hash: md5
      md5: 36f85beb726e94b932c10c5efbf1d5e8
      size: 7083870
    - path: src/data/data-preprocessing.py
      hash: md5
      md5: 37d6f3ae1027f742cbe8c0ea736ea672
      size: 2446
    params:
      params.yaml:
        data_preprocessing.random_state: 42
        data_preprocessing.test_size: 0.2
    outs:
    - path: data/processed
      hash: md5
      md5: 28b1ee04ebd79317228023ddcad7fa40.dir
      size: 6426852
      nfiles: 2
    - path: data/res/encoder.pkl
      hash: md5
      md5: 77eae64f42306fefdfbcea734ee2e875
      size: 633
    - path: data/res/tfidf.pkl
      hash: md5
      md5: c1e5a58575c617442c8e7de652b75649
      size: 153143
  model_building:
    cmd: python3 -m src.model.model-building
    deps:
    - path: data/processed/train.csv
      hash: md5
      md5: 7cdb89159f449885416cc3c36177536b
      size: 5267537
    - path: src/model/model-building.py
      hash: md5
      md5: a3b1734097b25c797962a2dc98b41cb2
      size: 786
    outs:
    - path: data/res/clf.pkl
      hash: md5
      md5: af8e2949e0ef408396e6d38ac68e5b86
      size: 98291903
  model_evaluation:
    cmd: python3 -m src.model.model-evaluation
    deps:
    - path: data/processed/test.csv
      hash: md5
      md5: acd3698e48c2f54502ef352f227752a8
      size: 1159315
    - path: data/processed/train.csv
      hash: md5
      md5: 7cdb89159f449885416cc3c36177536b
      size: 5267537
    - path: data/res/clf.pkl
      hash: md5
      md5: af8e2949e0ef408396e6d38ac68e5b86
      size: 98291903
    - path: data/res/encoder.pkl
      hash: md5
      md5: 77eae64f42306fefdfbcea734ee2e875
      size: 633
    - path: data/res/tfidf.pkl
      hash: md5
      md5: c1e5a58575c617442c8e7de652b75649
      size: 153143
    - path: src/model/model-evaluation.py
      hash: md5
      md5: 3b6cc05c472f21f932d7d1ed8c44e5b3
      size: 2827
    outs:
    - path: data/confusion_matrix.png
      hash: md5
      md5: eda2c2a21ee4545e89650fc9a9287331
      size: 46439
    - path: data/experiment-info.json
      hash: md5
      md5: 72f1e6f4c9e174a0f070a8152ea4d2ae
      size: 84
  model_registration:
    cmd: python3 -m src.model.register-model
    deps:
    - path: data/experiment-info.json
      hash: md5
      md5: 72f1e6f4c9e174a0f070a8152ea4d2ae
      size: 84
    - path: src/model/register-model.py
      hash: md5
      md5: 7381b10585d1ef536a3faf8f37d862cc
      size: 952
